
Microsoft Visual Studio Solution File, Format Version 12.00
Project("{FAE04EC0-301F-11D3-BF4B-00C04F79EFBC}") = "LBP.Tests.StartUp", "LBP.Tests.StartUp\LBP.Tests.StartUp.csproj", "{6051A94E-5B88-4F9E-9781-ED80734BCF05}"
EndProject
Project("{FAE04EC0-301F-11D3-BF4B-00C04F79EFBC}") = "LBP.Tests.GrpcService", "LBP.Tests.GrpcService\LBP.Tests.GrpcService.csproj", "{2E7C1361-B1B5-47CD-BC3A-ADA8389D4212}"
EndProject
Project("{FAE04EC0-301F-11D3-BF4B-00C04F79EFBC}") = "LBP.Tests.GrpcClient", "LBP.Tests.GrpcClient\LBP.Tests.GrpcClient.csproj", "{5A7C1C1E-7600-4F2E-93E3-2EE7FE5AC4E4}"
EndProject
Project("{FAE04EC0-301F-11D3-BF4B-00C04F79EFBC}") = "LBP.Tests.Data", "LBP.Tests.Data\LBP.Tests.Data.csproj", "{108CF0CB-BB76-49E9-92C0-BFECB921588A}"
EndProject
Project("{FAE04EC0-301F-11D3-BF4B-00C04F79EFBC}") = "LBP.Tests.FlashScore", "LBP.Tests.FlashScore\LBP.Tests.FlashScore.csproj", "{453FAA63-F1F4-4743-AA1A-46E9A81A9074}"
EndProject
Global
	GlobalSection(SolutionConfigurationPlatforms) = preSolution
		Debug|Any CPU = Debug|Any CPU
		Release|Any CPU = Release|Any CPU
	EndGlobalSection
	GlobalSection(ProjectConfigurationPlatforms) = postSolution
		{6051A94E-5B88-4F9E-9781-ED80734BCF05}.Debug|Any CPU.ActiveCfg = Debug|Any CPU
		{6051A94E-5B88-4F9E-9781-ED80734BCF05}.Debug|Any CPU.Build.0 = Debug|Any CPU
		{6051A94E-5B88-4F9E-9781-ED80734BCF05}.Release|Any CPU.ActiveCfg = Release|Any CPU
		{6051A94E-5B88-4F9E-9781-ED80734BCF05}.Release|Any CPU.Build.0 = Release|Any CPU
		{2E7C1361-B1B5-47CD-BC3A-ADA8389D4212}.Debug|Any CPU.ActiveCfg = Debug|Any CPU
		{2E7C1361-B1B5-47CD-BC3A-ADA8389D4212}.Debug|Any CPU.Build.0 = Debug|Any CPU
		{2E7C1361-B1B5-47CD-BC3A-ADA8389D4212}.Release|Any CPU.ActiveCfg = Release|Any CPU
		{2E7C1361-B1B5-47CD-BC3A-ADA8389D4212}.Release|Any CPU.Build.0 = Release|Any CPU
		{5A7C1C1E-7600-4F2E-93E3-2EE7FE5AC4E4}.Debug|Any CPU.ActiveCfg = Debug|Any CPU
		{5A7C1C1E-7600-4F2E-93E3-2EE7FE5AC4E4}.Debug|Any CPU.Build.0 = Debug|Any CPU
		{5A7C1C1E-7600-4F2E-93E3-2EE7FE5AC4E4}.Release|Any CPU.ActiveCfg = Release|Any CPU
		{5A7C1C1E-7600-4F2E-93E3-2EE7FE5AC4E4}.Release|Any CPU.Build.0 = Release|Any CPU
		{108CF0CB-BB76-49E9-92C0-BFECB921588A}.Debug|Any CPU.ActiveCfg = Debug|Any CPU
		{108CF0CB-BB76-49E9-92C0-BFECB921588A}.Debug|Any CPU.Build.0 = Debug|Any CPU
		{108CF0CB-BB76-49E9-92C0-BFECB921588A}.Release|Any CPU.ActiveCfg = Release|Any CPU
		{108CF0CB-BB76-49E9-92C0-BFECB921588A}.Release|Any CPU.Build.0 = Release|Any CPU
		{453FAA63-F1F4-4743-AA1A-46E9A81A9074}.Debug|Any CPU.ActiveCfg = Debug|Any CPU
		{453FAA63-F1F4-4743-AA1A-46E9A81A9074}.Debug|Any CPU.Build.0 = Debug|Any CPU
		{453FAA63-F1F4-4743-AA1A-46E9A81A9074}.Release|Any CPU.ActiveCfg = Release|Any CPU
		{453FAA63-F1F4-4743-AA1A-46E9A81A9074}.Release|Any CPU.Build.0 = Release|Any CPU
	EndGlobalSection
EndGlobal
